
Microsoft Visual Studio Solution File, Format Version 12.00
# Visual Studio Version 17
VisualStudioVersion = 17.7.34031.279
MinimumVisualStudioVersion = 10.0.40219.1
Project("{2150E333-8FDC-42A3-9474-1A3956D46DE8}") = "Users", "Users", "{B6C2918F-5FFA-48E8-B1A6-D2F7146C39A6}"
EndProject
Project("{2150E333-8FDC-42A3-9474-1A3956D46DE8}") = "Common", "Common", "{1A155702-2E99-48DF-AA86-D1684709C877}"
EndProject
Project("{2150E333-8FDC-42A3-9474-1A3956D46DE8}") = "Todos", "Todos", "{91A51556-7591-4913-A5D2-91BF14988805}"
EndProject
Project("{9A19103F-16F7-4668-BE54-9A1E7A4F7556}") = "Common.Domain", "Common.Domain\Common.Domain.csproj", "{EB00C365-CD9E-4806-B7F7-CFDD253C67F6}"
EndProject
Project("{9A19103F-16F7-4668-BE54-9A1E7A4F7556}") = "Common.Repositories", "Common.Repositories\Common.Repositories.csproj", "{DC8908B5-3754-435D-AFBB-EABFE40FF8F0}"
EndProject
Project("{9A19103F-16F7-4668-BE54-9A1E7A4F7556}") = "Todos.BL", "Todos.BL\Todos.BL.csproj", "{272D513A-554A-4BE0-8C59-F794B83788FD}"
EndProject
Project("{9A19103F-16F7-4668-BE54-9A1E7A4F7556}") = "Todos.Domain", "Todos.Domain\Todos.Domain.csproj", "{3B4CEEC5-401B-480E-BDC4-FEF563307A7D}"
EndProject
Project("{9A19103F-16F7-4668-BE54-9A1E7A4F7556}") = "Users.BL", "Users.BL\Users.BL.csproj", "{5FA4A1F5-1BCD-4FC4-92FE-72FCA30687A2}"
EndProject
Project("{9A19103F-16F7-4668-BE54-9A1E7A4F7556}") = "Todo.Api", "Todos.Api\Todo.Api.csproj", "{CF8F82DC-8967-40F9-A095-B06BFE56E617}"
EndProject
Project("{9A19103F-16F7-4668-BE54-9A1E7A4F7556}") = "Users.Api", "Users.Api\Users.Api.csproj", "{F742274D-1B95-4D5A-BEE7-283F7F1BD371}"
EndProject
Project("{FAE04EC0-301F-11D3-BF4B-00C04F79EFBC}") = "Common.Api", "Common.Api\Common.Api.csproj", "{C5739D48-EFC7-49D2-AD59-57CD456C5F40}"
EndProject
Global
	GlobalSection(SolutionConfigurationPlatforms) = preSolution
		Debug|Any CPU = Debug|Any CPU
		Release|Any CPU = Release|Any CPU
	EndGlobalSection
	GlobalSection(ProjectConfigurationPlatforms) = postSolution
		{EB00C365-CD9E-4806-B7F7-CFDD253C67F6}.Debug|Any CPU.ActiveCfg = Debug|Any CPU
		{EB00C365-CD9E-4806-B7F7-CFDD253C67F6}.Debug|Any CPU.Build.0 = Debug|Any CPU
		{EB00C365-CD9E-4806-B7F7-CFDD253C67F6}.Release|Any CPU.ActiveCfg = Release|Any CPU
		{EB00C365-CD9E-4806-B7F7-CFDD253C67F6}.Release|Any CPU.Build.0 = Release|Any CPU
		{DC8908B5-3754-435D-AFBB-EABFE40FF8F0}.Debug|Any CPU.ActiveCfg = Debug|Any CPU
		{DC8908B5-3754-435D-AFBB-EABFE40FF8F0}.Debug|Any CPU.Build.0 = Debug|Any CPU
		{DC8908B5-3754-435D-AFBB-EABFE40FF8F0}.Release|Any CPU.ActiveCfg = Release|Any CPU
		{DC8908B5-3754-435D-AFBB-EABFE40FF8F0}.Release|Any CPU.Build.0 = Release|Any CPU
		{272D513A-554A-4BE0-8C59-F794B83788FD}.Debug|Any CPU.ActiveCfg = Debug|Any CPU
		{272D513A-554A-4BE0-8C59-F794B83788FD}.Debug|Any CPU.Build.0 = Debug|Any CPU
		{272D513A-554A-4BE0-8C59-F794B83788FD}.Release|Any CPU.ActiveCfg = Release|Any CPU
		{272D513A-554A-4BE0-8C59-F794B83788FD}.Release|Any CPU.Build.0 = Release|Any CPU
		{3B4CEEC5-401B-480E-BDC4-FEF563307A7D}.Debug|Any CPU.ActiveCfg = Debug|Any CPU
		{3B4CEEC5-401B-480E-BDC4-FEF563307A7D}.Debug|Any CPU.Build.0 = Debug|Any CPU
		{3B4CEEC5-401B-480E-BDC4-FEF563307A7D}.Release|Any CPU.ActiveCfg = Release|Any CPU
		{3B4CEEC5-401B-480E-BDC4-FEF563307A7D}.Release|Any CPU.Build.0 = Release|Any CPU
		{5FA4A1F5-1BCD-4FC4-92FE-72FCA30687A2}.Debug|Any CPU.ActiveCfg = Debug|Any CPU
		{5FA4A1F5-1BCD-4FC4-92FE-72FCA30687A2}.Debug|Any CPU.Build.0 = Debug|Any CPU
		{5FA4A1F5-1BCD-4FC4-92FE-72FCA30687A2}.Release|Any CPU.ActiveCfg = Release|Any CPU
		{5FA4A1F5-1BCD-4FC4-92FE-72FCA30687A2}.Release|Any CPU.Build.0 = Release|Any CPU
		{CF8F82DC-8967-40F9-A095-B06BFE56E617}.Debug|Any CPU.ActiveCfg = Debug|Any CPU
		{CF8F82DC-8967-40F9-A095-B06BFE56E617}.Debug|Any CPU.Build.0 = Debug|Any CPU
		{CF8F82DC-8967-40F9-A095-B06BFE56E617}.Release|Any CPU.ActiveCfg = Release|Any CPU
		{CF8F82DC-8967-40F9-A095-B06BFE56E617}.Release|Any CPU.Build.0 = Release|Any CPU
		{F742274D-1B95-4D5A-BEE7-283F7F1BD371}.Debug|Any CPU.ActiveCfg = Debug|Any CPU
		{F742274D-1B95-4D5A-BEE7-283F7F1BD371}.Debug|Any CPU.Build.0 = Debug|Any CPU
		{F742274D-1B95-4D5A-BEE7-283F7F1BD371}.Release|Any CPU.ActiveCfg = Release|Any CPU
		{F742274D-1B95-4D5A-BEE7-283F7F1BD371}.Release|Any CPU.Build.0 = Release|Any CPU
		{C5739D48-EFC7-49D2-AD59-57CD456C5F40}.Debug|Any CPU.ActiveCfg = Debug|Any CPU
		{C5739D48-EFC7-49D2-AD59-57CD456C5F40}.Debug|Any CPU.Build.0 = Debug|Any CPU
		{C5739D48-EFC7-49D2-AD59-57CD456C5F40}.Release|Any CPU.ActiveCfg = Release|Any CPU
		{C5739D48-EFC7-49D2-AD59-57CD456C5F40}.Release|Any CPU.Build.0 = Release|Any CPU
	EndGlobalSection
	GlobalSection(SolutionProperties) = preSolution
		HideSolutionNode = FALSE
	EndGlobalSection
	GlobalSection(NestedProjects) = preSolution
		{EB00C365-CD9E-4806-B7F7-CFDD253C67F6} = {1A155702-2E99-48DF-AA86-D1684709C877}
		{DC8908B5-3754-435D-AFBB-EABFE40FF8F0} = {1A155702-2E99-48DF-AA86-D1684709C877}
		{272D513A-554A-4BE0-8C59-F794B83788FD} = {91A51556-7591-4913-A5D2-91BF14988805}
		{3B4CEEC5-401B-480E-BDC4-FEF563307A7D} = {91A51556-7591-4913-A5D2-91BF14988805}
		{5FA4A1F5-1BCD-4FC4-92FE-72FCA30687A2} = {B6C2918F-5FFA-48E8-B1A6-D2F7146C39A6}
		{CF8F82DC-8967-40F9-A095-B06BFE56E617} = {91A51556-7591-4913-A5D2-91BF14988805}
		{F742274D-1B95-4D5A-BEE7-283F7F1BD371} = {B6C2918F-5FFA-48E8-B1A6-D2F7146C39A6}
		{C5739D48-EFC7-49D2-AD59-57CD456C5F40} = {1A155702-2E99-48DF-AA86-D1684709C877}
	EndGlobalSection
	GlobalSection(ExtensibilityGlobals) = postSolution
		SolutionGuid = {FD56E23B-2E49-428D-9795-22F487F73EC8}
	EndGlobalSection
EndGlobal
