
Microsoft Visual Studio Solution File, Format Version 12.00
# Visual Studio Version 17
VisualStudioVersion = 17.7.34031.279
MinimumVisualStudioVersion = 10.0.40219.1
Project("{2150E333-8FDC-42A3-9474-1A3956D46DE8}") = "Users", "Users", "{B6C2918F-5FFA-48E8-B1A6-D2F7146C39A6}"
EndProject
Project("{2150E333-8FDC-42A3-9474-1A3956D46DE8}") = "Todos", "Todos", "{91A51556-7591-4913-A5D2-91BF14988805}"
EndProject
Project("{9A19103F-16F7-4668-BE54-9A1E7A4F7556}") = "Common.Domain", "Common.Domain\Common.Domain.csproj", "{EB00C365-CD9E-4806-B7F7-CFDD253C67F6}"
EndProject
Project("{9A19103F-16F7-4668-BE54-9A1E7A4F7556}") = "Common.Persistence", "Common.Repositories\Common.Persistence.csproj", "{DC8908B5-3754-435D-AFBB-EABFE40FF8F0}"
EndProject
Project("{9A19103F-16F7-4668-BE54-9A1E7A4F7556}") = "Common.Api", "Common.Api\Common.Api.csproj", "{C5739D48-EFC7-49D2-AD59-57CD456C5F40}"
EndProject
Project("{2150E333-8FDC-42A3-9474-1A3956D46DE8}") = "Auth", "Auth", "{BAF33D51-D673-453D-92DD-0A772239B342}"
EndProject
Project("{9A19103F-16F7-4668-BE54-9A1E7A4F7556}") = "Common.Application", "Common.Application\Common.Application.csproj", "{312F518A-93A9-4E23-860B-561A72A9E576}"
EndProject
Project("{9A19103F-16F7-4668-BE54-9A1E7A4F7556}") = "Users.Application", "UsersApplication\Users.Application.csproj", "{84A50096-A435-4BAE-9179-636824717DE8}"
EndProject
Project("{9A19103F-16F7-4668-BE54-9A1E7A4F7556}") = "Todos.Application", "Todos.Application\Todos.Application.csproj", "{5DFF64E8-D25F-4BB4-B251-A19D54D89F42}"
EndProject
Project("{9A19103F-16F7-4668-BE54-9A1E7A4F7556}") = "Auth.Application", "Auth.Application\Auth.Application.csproj", "{74D9B60C-A4A5-446F-A795-E3B5A18AB31E}"
EndProject
Project("{2150E333-8FDC-42A3-9474-1A3956D46DE8}") = "Core", "Core", "{1C1F54FA-401A-4433-97D0-E1AD85F5ABA2}"
EndProject
Project("{2150E333-8FDC-42A3-9474-1A3956D46DE8}") = "Infrastructure", "Infrastructure", "{A256CE3F-B08F-4AA2-9BFF-9964D688AACB}"
EndProject
Project("{2150E333-8FDC-42A3-9474-1A3956D46DE8}") = "Presentation", "Presentation", "{003DF317-655C-45EA-A6B2-AFEE307D5FB5}"
EndProject
Project("{9A19103F-16F7-4668-BE54-9A1E7A4F7556}") = "Users.Api", "Users.Api\Users.Api.csproj", "{CEFC500A-EE20-4F8A-9436-38C016C3AC57}"
EndProject
Project("{9A19103F-16F7-4668-BE54-9A1E7A4F7556}") = "Todo.Api", "Todo.Api\Todo.Api.csproj", "{BF12B966-AF9F-4DD2-AD9A-D9A27A456F7B}"
EndProject
Project("{9A19103F-16F7-4668-BE54-9A1E7A4F7556}") = "Auth.Api", "Auth.Api\Auth.Api.csproj", "{39B6F10C-C0AB-4B6A-A8FD-B8A2EA818519}"
EndProject
Global
	GlobalSection(SolutionConfigurationPlatforms) = preSolution
		Debug|Any CPU = Debug|Any CPU
		Release|Any CPU = Release|Any CPU
	EndGlobalSection
	GlobalSection(ProjectConfigurationPlatforms) = postSolution
		{EB00C365-CD9E-4806-B7F7-CFDD253C67F6}.Debug|Any CPU.ActiveCfg = Debug|Any CPU
		{EB00C365-CD9E-4806-B7F7-CFDD253C67F6}.Debug|Any CPU.Build.0 = Debug|Any CPU
		{EB00C365-CD9E-4806-B7F7-CFDD253C67F6}.Release|Any CPU.ActiveCfg = Release|Any CPU
		{EB00C365-CD9E-4806-B7F7-CFDD253C67F6}.Release|Any CPU.Build.0 = Release|Any CPU
		{DC8908B5-3754-435D-AFBB-EABFE40FF8F0}.Debug|Any CPU.ActiveCfg = Debug|Any CPU
		{DC8908B5-3754-435D-AFBB-EABFE40FF8F0}.Debug|Any CPU.Build.0 = Debug|Any CPU
		{DC8908B5-3754-435D-AFBB-EABFE40FF8F0}.Release|Any CPU.ActiveCfg = Release|Any CPU
		{DC8908B5-3754-435D-AFBB-EABFE40FF8F0}.Release|Any CPU.Build.0 = Release|Any CPU
		{C5739D48-EFC7-49D2-AD59-57CD456C5F40}.Debug|Any CPU.ActiveCfg = Debug|Any CPU
		{C5739D48-EFC7-49D2-AD59-57CD456C5F40}.Debug|Any CPU.Build.0 = Debug|Any CPU
		{C5739D48-EFC7-49D2-AD59-57CD456C5F40}.Release|Any CPU.ActiveCfg = Release|Any CPU
		{C5739D48-EFC7-49D2-AD59-57CD456C5F40}.Release|Any CPU.Build.0 = Release|Any CPU
		{312F518A-93A9-4E23-860B-561A72A9E576}.Debug|Any CPU.ActiveCfg = Debug|Any CPU
		{312F518A-93A9-4E23-860B-561A72A9E576}.Debug|Any CPU.Build.0 = Debug|Any CPU
		{312F518A-93A9-4E23-860B-561A72A9E576}.Release|Any CPU.ActiveCfg = Release|Any CPU
		{312F518A-93A9-4E23-860B-561A72A9E576}.Release|Any CPU.Build.0 = Release|Any CPU
		{84A50096-A435-4BAE-9179-636824717DE8}.Debug|Any CPU.ActiveCfg = Debug|Any CPU
		{84A50096-A435-4BAE-9179-636824717DE8}.Debug|Any CPU.Build.0 = Debug|Any CPU
		{84A50096-A435-4BAE-9179-636824717DE8}.Release|Any CPU.ActiveCfg = Release|Any CPU
		{84A50096-A435-4BAE-9179-636824717DE8}.Release|Any CPU.Build.0 = Release|Any CPU
		{5DFF64E8-D25F-4BB4-B251-A19D54D89F42}.Debug|Any CPU.ActiveCfg = Debug|Any CPU
		{5DFF64E8-D25F-4BB4-B251-A19D54D89F42}.Debug|Any CPU.Build.0 = Debug|Any CPU
		{5DFF64E8-D25F-4BB4-B251-A19D54D89F42}.Release|Any CPU.ActiveCfg = Release|Any CPU
		{5DFF64E8-D25F-4BB4-B251-A19D54D89F42}.Release|Any CPU.Build.0 = Release|Any CPU
		{74D9B60C-A4A5-446F-A795-E3B5A18AB31E}.Debug|Any CPU.ActiveCfg = Debug|Any CPU
		{74D9B60C-A4A5-446F-A795-E3B5A18AB31E}.Debug|Any CPU.Build.0 = Debug|Any CPU
		{74D9B60C-A4A5-446F-A795-E3B5A18AB31E}.Release|Any CPU.ActiveCfg = Release|Any CPU
		{74D9B60C-A4A5-446F-A795-E3B5A18AB31E}.Release|Any CPU.Build.0 = Release|Any CPU
		{CEFC500A-EE20-4F8A-9436-38C016C3AC57}.Debug|Any CPU.ActiveCfg = Debug|Any CPU
		{CEFC500A-EE20-4F8A-9436-38C016C3AC57}.Debug|Any CPU.Build.0 = Debug|Any CPU
		{CEFC500A-EE20-4F8A-9436-38C016C3AC57}.Release|Any CPU.ActiveCfg = Release|Any CPU
		{CEFC500A-EE20-4F8A-9436-38C016C3AC57}.Release|Any CPU.Build.0 = Release|Any CPU
		{BF12B966-AF9F-4DD2-AD9A-D9A27A456F7B}.Debug|Any CPU.ActiveCfg = Debug|Any CPU
		{BF12B966-AF9F-4DD2-AD9A-D9A27A456F7B}.Debug|Any CPU.Build.0 = Debug|Any CPU
		{BF12B966-AF9F-4DD2-AD9A-D9A27A456F7B}.Release|Any CPU.ActiveCfg = Release|Any CPU
		{BF12B966-AF9F-4DD2-AD9A-D9A27A456F7B}.Release|Any CPU.Build.0 = Release|Any CPU
		{39B6F10C-C0AB-4B6A-A8FD-B8A2EA818519}.Debug|Any CPU.ActiveCfg = Debug|Any CPU
		{39B6F10C-C0AB-4B6A-A8FD-B8A2EA818519}.Debug|Any CPU.Build.0 = Debug|Any CPU
		{39B6F10C-C0AB-4B6A-A8FD-B8A2EA818519}.Release|Any CPU.ActiveCfg = Release|Any CPU
		{39B6F10C-C0AB-4B6A-A8FD-B8A2EA818519}.Release|Any CPU.Build.0 = Release|Any CPU
	EndGlobalSection
	GlobalSection(SolutionProperties) = preSolution
		HideSolutionNode = FALSE
	EndGlobalSection
	GlobalSection(NestedProjects) = preSolution
		{B6C2918F-5FFA-48E8-B1A6-D2F7146C39A6} = {1C1F54FA-401A-4433-97D0-E1AD85F5ABA2}
		{91A51556-7591-4913-A5D2-91BF14988805} = {1C1F54FA-401A-4433-97D0-E1AD85F5ABA2}
		{EB00C365-CD9E-4806-B7F7-CFDD253C67F6} = {1C1F54FA-401A-4433-97D0-E1AD85F5ABA2}
		{DC8908B5-3754-435D-AFBB-EABFE40FF8F0} = {A256CE3F-B08F-4AA2-9BFF-9964D688AACB}
		{C5739D48-EFC7-49D2-AD59-57CD456C5F40} = {003DF317-655C-45EA-A6B2-AFEE307D5FB5}
		{BAF33D51-D673-453D-92DD-0A772239B342} = {1C1F54FA-401A-4433-97D0-E1AD85F5ABA2}
		{312F518A-93A9-4E23-860B-561A72A9E576} = {1C1F54FA-401A-4433-97D0-E1AD85F5ABA2}
		{84A50096-A435-4BAE-9179-636824717DE8} = {B6C2918F-5FFA-48E8-B1A6-D2F7146C39A6}
		{5DFF64E8-D25F-4BB4-B251-A19D54D89F42} = {91A51556-7591-4913-A5D2-91BF14988805}
		{74D9B60C-A4A5-446F-A795-E3B5A18AB31E} = {BAF33D51-D673-453D-92DD-0A772239B342}
		{CEFC500A-EE20-4F8A-9436-38C016C3AC57} = {003DF317-655C-45EA-A6B2-AFEE307D5FB5}
		{BF12B966-AF9F-4DD2-AD9A-D9A27A456F7B} = {003DF317-655C-45EA-A6B2-AFEE307D5FB5}
		{39B6F10C-C0AB-4B6A-A8FD-B8A2EA818519} = {003DF317-655C-45EA-A6B2-AFEE307D5FB5}
	EndGlobalSection
	GlobalSection(ExtensibilityGlobals) = postSolution
		SolutionGuid = {FD56E23B-2E49-428D-9795-22F487F73EC8}
	EndGlobalSection
EndGlobal
